
Microsoft Visual Studio Solution File, Format Version 12.00
# Visual Studio Version 16
VisualStudioVersion = 16.0.810.19
MinimumVisualStudioVersion = 10.0.40219.1
Project("{FAE04EC0-301F-11D3-BF4B-00C04F79EFBC}") = "BedeSlotGame", "BedeSlotGame\BedeSlotGame.csproj", "{63329A48-1A9F-46FD-80D6-6B2373D79E4B}"
EndProject
Project("{FAE04EC0-301F-11D3-BF4B-00C04F79EFBC}") = "TestGamePlayService", "TestGamePlayService\TestGamePlayService.csproj", "{7C43379C-8DF8-46AE-961B-79703B3112B3}"
EndProject
Project("{FAE04EC0-301F-11D3-BF4B-00C04F79EFBC}") = "PlayService", "PlayService\PlayService.csproj", "{D0E848F8-9407-499F-859A-BE58A0599F90}"
EndProject
Global
	GlobalSection(SolutionConfigurationPlatforms) = preSolution
		Debug|Any CPU = Debug|Any CPU
		Release|Any CPU = Release|Any CPU
	EndGlobalSection
	GlobalSection(ProjectConfigurationPlatforms) = postSolution
		{63329A48-1A9F-46FD-80D6-6B2373D79E4B}.Debug|Any CPU.ActiveCfg = Debug|Any CPU
		{63329A48-1A9F-46FD-80D6-6B2373D79E4B}.Debug|Any CPU.Build.0 = Debug|Any CPU
		{63329A48-1A9F-46FD-80D6-6B2373D79E4B}.Release|Any CPU.ActiveCfg = Release|Any CPU
		{63329A48-1A9F-46FD-80D6-6B2373D79E4B}.Release|Any CPU.Build.0 = Release|Any CPU
		{7C43379C-8DF8-46AE-961B-79703B3112B3}.Debug|Any CPU.ActiveCfg = Debug|Any CPU
		{7C43379C-8DF8-46AE-961B-79703B3112B3}.Debug|Any CPU.Build.0 = Debug|Any CPU
		{7C43379C-8DF8-46AE-961B-79703B3112B3}.Release|Any CPU.ActiveCfg = Release|Any CPU
		{7C43379C-8DF8-46AE-961B-79703B3112B3}.Release|Any CPU.Build.0 = Release|Any CPU
		{D0E848F8-9407-499F-859A-BE58A0599F90}.Debug|Any CPU.ActiveCfg = Debug|Any CPU
		{D0E848F8-9407-499F-859A-BE58A0599F90}.Debug|Any CPU.Build.0 = Debug|Any CPU
		{D0E848F8-9407-499F-859A-BE58A0599F90}.Release|Any CPU.ActiveCfg = Release|Any CPU
		{D0E848F8-9407-499F-859A-BE58A0599F90}.Release|Any CPU.Build.0 = Release|Any CPU
	EndGlobalSection
	GlobalSection(SolutionProperties) = preSolution
		HideSolutionNode = FALSE
	EndGlobalSection
	GlobalSection(ExtensibilityGlobals) = postSolution
		SolutionGuid = {A9F8064A-F13A-43CA-850A-9111D266B98F}
	EndGlobalSection
EndGlobal
